// !$*UTF8*$!
{
	archiveVersion = 1;
	classes = {
	};
	objectVersion = 48;
	objects = {

/* Begin PBXBuildFile section */
		95409C9824881310004D7E04 /* jsmn_defines.h in Headers */ = {isa = PBXBuildFile; fileRef = 95409C9724881310004D7E04 /* jsmn_defines.h */; };
		95409C9924884542004D7E04 /* jsmn_test.c in Sources */ = {isa = PBXBuildFile; fileRef = 95EF322F2485ADDF00AEDB36 /* jsmn_test.c */; };
		95409C9A24884543004D7E04 /* jsmn_test.c in Sources */ = {isa = PBXBuildFile; fileRef = 95EF322F2485ADDF00AEDB36 /* jsmn_test.c */; };
		95409C9B24884543004D7E04 /* jsmn_test.c in Sources */ = {isa = PBXBuildFile; fileRef = 95EF322F2485ADDF00AEDB36 /* jsmn_test.c */; };
		95409C9C24884544004D7E04 /* jsmn_test.c in Sources */ = {isa = PBXBuildFile; fileRef = 95EF322F2485ADDF00AEDB36 /* jsmn_test.c */; };
		95409C9D24884545004D7E04 /* jsmn_test.c in Sources */ = {isa = PBXBuildFile; fileRef = 95EF322F2485ADDF00AEDB36 /* jsmn_test.c */; };
		95409C9E24884545004D7E04 /* jsmn_test.c in Sources */ = {isa = PBXBuildFile; fileRef = 95EF322F2485ADDF00AEDB36 /* jsmn_test.c */; };
		95409C9F24884546004D7E04 /* jsmn_test.c in Sources */ = {isa = PBXBuildFile; fileRef = 95EF322F2485ADDF00AEDB36 /* jsmn_test.c */; };
		95409CA024884546004D7E04 /* jsmn_test.c in Sources */ = {isa = PBXBuildFile; fileRef = 95EF322F2485ADDF00AEDB36 /* jsmn_test.c */; };
		95409CA124884550004D7E04 /* libcmocka.0.7.0.dylib in Frameworks */ = {isa = PBXBuildFile; fileRef = 95EF32322485AE3C00AEDB36 /* libcmocka.0.7.0.dylib */; };
		95409CA224884551004D7E04 /* libcmocka.0.7.0.dylib in Frameworks */ = {isa = PBXBuildFile; fileRef = 95EF32322485AE3C00AEDB36 /* libcmocka.0.7.0.dylib */; };
		95409CA324884551004D7E04 /* libcmocka.0.7.0.dylib in Frameworks */ = {isa = PBXBuildFile; fileRef = 95EF32322485AE3C00AEDB36 /* libcmocka.0.7.0.dylib */; };
		95409CA424884552004D7E04 /* libcmocka.0.7.0.dylib in Frameworks */ = {isa = PBXBuildFile; fileRef = 95EF32322485AE3C00AEDB36 /* libcmocka.0.7.0.dylib */; };
		95409CA524884553004D7E04 /* libcmocka.0.7.0.dylib in Frameworks */ = {isa = PBXBuildFile; fileRef = 95EF32322485AE3C00AEDB36 /* libcmocka.0.7.0.dylib */; };
		95409CA624884554004D7E04 /* libcmocka.0.7.0.dylib in Frameworks */ = {isa = PBXBuildFile; fileRef = 95EF32322485AE3C00AEDB36 /* libcmocka.0.7.0.dylib */; };
		95409CA724884554004D7E04 /* libcmocka.0.7.0.dylib in Frameworks */ = {isa = PBXBuildFile; fileRef = 95EF32322485AE3C00AEDB36 /* libcmocka.0.7.0.dylib */; };
		95409CA824884555004D7E04 /* libcmocka.0.7.0.dylib in Frameworks */ = {isa = PBXBuildFile; fileRef = 95EF32322485AE3C00AEDB36 /* libcmocka.0.7.0.dylib */; };
		957EB5312467080B0077E79A /* jsmn.h in Headers */ = {isa = PBXBuildFile; fileRef = 957EB5302467080B0077E79A /* jsmn.h */; };
		95CB431620A2A5ED00C36DB4 /* json.c in Sources */ = {isa = PBXBuildFile; fileRef = 95CB431420A2A5ED00C36DB4 /* json.c */; };
/* End PBXBuildFile section */

/* Begin PBXCopyFilesBuildPhase section */
		95409C3E2487F7A9004D7E04 /* CopyFiles */ = {
			isa = PBXCopyFilesBuildPhase;
			buildActionMask = 2147483647;
			dstPath = /usr/share/man/man1/;
			dstSubfolderSpec = 0;
			files = (
			);
			runOnlyForDeploymentPostprocessing = 1;
		};
		95409C4B24880CB4004D7E04 /* CopyFiles */ = {
			isa = PBXCopyFilesBuildPhase;
			buildActionMask = 2147483647;
			dstPath = /usr/share/man/man1/;
			dstSubfolderSpec = 0;
			files = (
			);
			runOnlyForDeploymentPostprocessing = 1;
		};
		95409C5624880CC9004D7E04 /* CopyFiles */ = {
			isa = PBXCopyFilesBuildPhase;
			buildActionMask = 2147483647;
			dstPath = /usr/share/man/man1/;
			dstSubfolderSpec = 0;
			files = (
			);
			runOnlyForDeploymentPostprocessing = 1;
		};
		95409C6124880CD9004D7E04 /* CopyFiles */ = {
			isa = PBXCopyFilesBuildPhase;
			buildActionMask = 2147483647;
			dstPath = /usr/share/man/man1/;
			dstSubfolderSpec = 0;
			files = (
			);
			runOnlyForDeploymentPostprocessing = 1;
		};
		95409C6C24880CEE004D7E04 /* CopyFiles */ = {
			isa = PBXCopyFilesBuildPhase;
			buildActionMask = 2147483647;
			dstPath = /usr/share/man/man1/;
			dstSubfolderSpec = 0;
			files = (
			);
			runOnlyForDeploymentPostprocessing = 1;
		};
		95409C7724880D13004D7E04 /* CopyFiles */ = {
			isa = PBXCopyFilesBuildPhase;
			buildActionMask = 2147483647;
			dstPath = /usr/share/man/man1/;
			dstSubfolderSpec = 0;
			files = (
			);
			runOnlyForDeploymentPostprocessing = 1;
		};
		95409C8224880DC4004D7E04 /* CopyFiles */ = {
			isa = PBXCopyFilesBuildPhase;
			buildActionMask = 2147483647;
			dstPath = /usr/share/man/man1/;
			dstSubfolderSpec = 0;
			files = (
			);
			runOnlyForDeploymentPostprocessing = 1;
		};
		95EF32362485EE2000AEDB36 /* CopyFiles */ = {
			isa = PBXCopyFilesBuildPhase;
			buildActionMask = 2147483647;
			dstPath = /usr/share/man/man1/;
			dstSubfolderSpec = 0;
			files = (
			);
			runOnlyForDeploymentPostprocessing = 1;
		};
/* End PBXCopyFilesBuildPhase section */

/* Begin PBXFileReference section */
		95346C05205C728B006A0917 /* libjsmn.a */ = {isa = PBXFileReference; explicitFileType = archive.ar; includeInIndex = 0; path = libjsmn.a; sourceTree = BUILT_PRODUCTS_DIR; };
		95409C402487F7A9004D7E04 /* jsmn_test_permissive */ = {isa = PBXFileReference; explicitFileType = "compiled.mach-o.executable"; includeInIndex = 0; path = jsmn_test_permissive; sourceTree = BUILT_PRODUCTS_DIR; };
		95409C4D24880CB4004D7E04 /* jsmn_test_default_links */ = {isa = PBXFileReference; explicitFileType = "compiled.mach-o.executable"; includeInIndex = 0; path = jsmn_test_default_links; sourceTree = BUILT_PRODUCTS_DIR; };
		95409C5824880CC9004D7E04 /* jsmn_test_permissive_links */ = {isa = PBXFileReference; explicitFileType = "compiled.mach-o.executable"; includeInIndex = 0; path = jsmn_test_permissive_links; sourceTree = BUILT_PRODUCTS_DIR; };
		95409C6324880CD9004D7E04 /* jsmn_test_default_short */ = {isa = PBXFileReference; explicitFileType = "compiled.mach-o.executable"; includeInIndex = 0; path = jsmn_test_default_short; sourceTree = BUILT_PRODUCTS_DIR; };
		95409C6E24880CEE004D7E04 /* jsmn_test_permissive_short */ = {isa = PBXFileReference; explicitFileType = "compiled.mach-o.executable"; includeInIndex = 0; path = jsmn_test_permissive_short; sourceTree = BUILT_PRODUCTS_DIR; };
		95409C7924880D13004D7E04 /* jsmn_test_default_short_links */ = {isa = PBXFileReference; explicitFileType = "compiled.mach-o.executable"; includeInIndex = 0; path = jsmn_test_default_short_links; sourceTree = BUILT_PRODUCTS_DIR; };
		95409C8424880DC4004D7E04 /* jsmn_test_permissive_short_links */ = {isa = PBXFileReference; explicitFileType = "compiled.mach-o.executable"; includeInIndex = 0; path = jsmn_test_permissive_short_links; sourceTree = BUILT_PRODUCTS_DIR; };
		95409C9724881310004D7E04 /* jsmn_defines.h */ = {isa = PBXFileReference; fileEncoding = 4; lastKnownFileType = sourcecode.c.h; path = jsmn_defines.h; sourceTree = "<group>"; };
		957EB5302467080B0077E79A /* jsmn.h */ = {isa = PBXFileReference; fileEncoding = 4; lastKnownFileType = sourcecode.c.h; path = jsmn.h; sourceTree = "<group>"; };
		95CB431320A2A5ED00C36DB4 /* json.h */ = {isa = PBXFileReference; fileEncoding = 4; lastKnownFileType = sourcecode.c.h; path = json.h; sourceTree = "<group>"; };
		95CB431420A2A5ED00C36DB4 /* json.c */ = {isa = PBXFileReference; fileEncoding = 4; lastKnownFileType = sourcecode.c.c; path = json.c; sourceTree = "<group>"; };
		95EF322F2485ADDF00AEDB36 /* jsmn_test.c */ = {isa = PBXFileReference; fileEncoding = 4; lastKnownFileType = sourcecode.c.c; path = jsmn_test.c; sourceTree = "<group>"; };
		95EF32322485AE3C00AEDB36 /* libcmocka.0.7.0.dylib */ = {isa = PBXFileReference; lastKnownFileType = "compiled.mach-o.dylib"; path = libcmocka.0.7.0.dylib; sourceTree = "<group>"; };
		95EF32382485EE2000AEDB36 /* jsmn_test_default */ = {isa = PBXFileReference; explicitFileType = "compiled.mach-o.executable"; includeInIndex = 0; path = jsmn_test_default; sourceTree = BUILT_PRODUCTS_DIR; };
/* End PBXFileReference section */

/* Begin PBXFrameworksBuildPhase section */
		95346C02205C728B006A0917 /* Frameworks */ = {
			isa = PBXFrameworksBuildPhase;
			buildActionMask = 2147483647;
			files = (
			);
			runOnlyForDeploymentPostprocessing = 0;
		};
		95409C3D2487F7A9004D7E04 /* Frameworks */ = {
			isa = PBXFrameworksBuildPhase;
			buildActionMask = 2147483647;
			files = (
				95409CA224884551004D7E04 /* libcmocka.0.7.0.dylib in Frameworks */,
			);
			runOnlyForDeploymentPostprocessing = 0;
		};
		95409C4A24880CB4004D7E04 /* Frameworks */ = {
			isa = PBXFrameworksBuildPhase;
			buildActionMask = 2147483647;
			files = (
				95409CA324884551004D7E04 /* libcmocka.0.7.0.dylib in Frameworks */,
			);
			runOnlyForDeploymentPostprocessing = 0;
		};
		95409C5524880CC9004D7E04 /* Frameworks */ = {
			isa = PBXFrameworksBuildPhase;
			buildActionMask = 2147483647;
			files = (
				95409CA424884552004D7E04 /* libcmocka.0.7.0.dylib in Frameworks */,
			);
			runOnlyForDeploymentPostprocessing = 0;
		};
		95409C6024880CD9004D7E04 /* Frameworks */ = {
			isa = PBXFrameworksBuildPhase;
			buildActionMask = 2147483647;
			files = (
				95409CA524884553004D7E04 /* libcmocka.0.7.0.dylib in Frameworks */,
			);
			runOnlyForDeploymentPostprocessing = 0;
		};
		95409C6B24880CEE004D7E04 /* Frameworks */ = {
			isa = PBXFrameworksBuildPhase;
			buildActionMask = 2147483647;
			files = (
				95409CA624884554004D7E04 /* libcmocka.0.7.0.dylib in Frameworks */,
			);
			runOnlyForDeploymentPostprocessing = 0;
		};
		95409C7624880D13004D7E04 /* Frameworks */ = {
			isa = PBXFrameworksBuildPhase;
			buildActionMask = 2147483647;
			files = (
				95409CA724884554004D7E04 /* libcmocka.0.7.0.dylib in Frameworks */,
			);
			runOnlyForDeploymentPostprocessing = 0;
		};
		95409C8124880DC4004D7E04 /* Frameworks */ = {
			isa = PBXFrameworksBuildPhase;
			buildActionMask = 2147483647;
			files = (
				95409CA824884555004D7E04 /* libcmocka.0.7.0.dylib in Frameworks */,
			);
			runOnlyForDeploymentPostprocessing = 0;
		};
		95EF32352485EE2000AEDB36 /* Frameworks */ = {
			isa = PBXFrameworksBuildPhase;
			buildActionMask = 2147483647;
			files = (
				95409CA124884550004D7E04 /* libcmocka.0.7.0.dylib in Frameworks */,
			);
			runOnlyForDeploymentPostprocessing = 0;
		};
/* End PBXFrameworksBuildPhase section */

/* Begin PBXGroup section */
		95346BFC205C728B006A0917 = {
			isa = PBXGroup;
			children = (
				95EF322E2485ADCC00AEDB36 /* tests */,
				957EB5302467080B0077E79A /* jsmn.h */,
				95409C9724881310004D7E04 /* jsmn_defines.h */,
				95CB431420A2A5ED00C36DB4 /* json.c */,
				95CB431320A2A5ED00C36DB4 /* json.h */,
				95346C06205C728B006A0917 /* Products */,
				95EF32312485AE1F00AEDB36 /* Frameworks */,
			);
			sourceTree = "<group>";
		};
		95346C06205C728B006A0917 /* Products */ = {
			isa = PBXGroup;
			children = (
				95346C05205C728B006A0917 /* libjsmn.a */,
				95EF32382485EE2000AEDB36 /* jsmn_test_default */,
				95409C402487F7A9004D7E04 /* jsmn_test_permissive */,
				95409C4D24880CB4004D7E04 /* jsmn_test_default_links */,
				95409C5824880CC9004D7E04 /* jsmn_test_permissive_links */,
				95409C6324880CD9004D7E04 /* jsmn_test_default_short */,
				95409C6E24880CEE004D7E04 /* jsmn_test_permissive_short */,
				95409C7924880D13004D7E04 /* jsmn_test_default_short_links */,
				95409C8424880DC4004D7E04 /* jsmn_test_permissive_short_links */,
			);
			name = Products;
			sourceTree = "<group>";
		};
		95EF322E2485ADCC00AEDB36 /* tests */ = {
			isa = PBXGroup;
			children = (
				95EF322F2485ADDF00AEDB36 /* jsmn_test.c */,
			);
			path = tests;
			sourceTree = "<group>";
		};
		95EF32312485AE1F00AEDB36 /* Frameworks */ = {
			isa = PBXGroup;
			children = (
				95EF32322485AE3C00AEDB36 /* libcmocka.0.7.0.dylib */,
			);
			name = Frameworks;
			path = /usr/local/lib;
			sourceTree = "<absolute>";
		};
/* End PBXGroup section */

/* Begin PBXHeadersBuildPhase section */
		95346C03205C728B006A0917 /* Headers */ = {
			isa = PBXHeadersBuildPhase;
			buildActionMask = 2147483647;
			files = (
				957EB5312467080B0077E79A /* jsmn.h in Headers */,
				95409C9824881310004D7E04 /* jsmn_defines.h in Headers */,
			);
			runOnlyForDeploymentPostprocessing = 0;
		};
/* End PBXHeadersBuildPhase section */

/* Begin PBXNativeTarget section */
		95346C04205C728B006A0917 /* jsmn */ = {
			isa = PBXNativeTarget;
			buildConfigurationList = 95346C10205C728B006A0917 /* Build configuration list for PBXNativeTarget "jsmn" */;
			buildPhases = (
				95346C01205C728B006A0917 /* Sources */,
				95346C02205C728B006A0917 /* Frameworks */,
				95346C03205C728B006A0917 /* Headers */,
			);
			buildRules = (
			);
			dependencies = (
			);
			name = jsmn;
			productName = jsmn;
			productReference = 95346C05205C728B006A0917 /* libjsmn.a */;
			productType = "com.apple.product-type.library.static";
		};
		95409C3F2487F7A9004D7E04 /* jsmn_test_permissive */ = {
			isa = PBXNativeTarget;
			buildConfigurationList = 95409C462487F7A9004D7E04 /* Build configuration list for PBXNativeTarget "jsmn_test_permissive" */;
			buildPhases = (
				95409C3C2487F7A9004D7E04 /* Sources */,
				95409C3D2487F7A9004D7E04 /* Frameworks */,
				95409C3E2487F7A9004D7E04 /* CopyFiles */,
			);
			buildRules = (
			);
			dependencies = (
			);
			name = jsmn_test_permissive;
			productName = jsmn_test_permissive;
			productReference = 95409C402487F7A9004D7E04 /* jsmn_test_permissive */;
			productType = "com.apple.product-type.tool";
		};
		95409C4C24880CB4004D7E04 /* jsmn_test_default_links */ = {
			isa = PBXNativeTarget;
			buildConfigurationList = 95409C5124880CB4004D7E04 /* Build configuration list for PBXNativeTarget "jsmn_test_default_links" */;
			buildPhases = (
				95409C4924880CB4004D7E04 /* Sources */,
				95409C4A24880CB4004D7E04 /* Frameworks */,
				95409C4B24880CB4004D7E04 /* CopyFiles */,
			);
			buildRules = (
			);
			dependencies = (
			);
			name = jsmn_test_default_links;
			productName = jsmn_test_default_links;
			productReference = 95409C4D24880CB4004D7E04 /* jsmn_test_default_links */;
			productType = "com.apple.product-type.tool";
		};
		95409C5724880CC9004D7E04 /* jsmn_test_permissive_links */ = {
			isa = PBXNativeTarget;
			buildConfigurationList = 95409C5C24880CC9004D7E04 /* Build configuration list for PBXNativeTarget "jsmn_test_permissive_links" */;
			buildPhases = (
				95409C5424880CC9004D7E04 /* Sources */,
				95409C5524880CC9004D7E04 /* Frameworks */,
				95409C5624880CC9004D7E04 /* CopyFiles */,
			);
			buildRules = (
			);
			dependencies = (
			);
			name = jsmn_test_permissive_links;
			productName = jsmn_test_permissive_links;
			productReference = 95409C5824880CC9004D7E04 /* jsmn_test_permissive_links */;
			productType = "com.apple.product-type.tool";
		};
		95409C6224880CD9004D7E04 /* jsmn_test_default_short */ = {
			isa = PBXNativeTarget;
			buildConfigurationList = 95409C6724880CD9004D7E04 /* Build configuration list for PBXNativeTarget "jsmn_test_default_short" */;
			buildPhases = (
				95409C5F24880CD9004D7E04 /* Sources */,
				95409C6024880CD9004D7E04 /* Frameworks */,
				95409C6124880CD9004D7E04 /* CopyFiles */,
			);
			buildRules = (
			);
			dependencies = (
			);
			name = jsmn_test_default_short;
			productName = jsmn_test_default_short;
			productReference = 95409C6324880CD9004D7E04 /* jsmn_test_default_short */;
			productType = "com.apple.product-type.tool";
		};
		95409C6D24880CEE004D7E04 /* jsmn_test_permissive_short */ = {
			isa = PBXNativeTarget;
			buildConfigurationList = 95409C7224880CEE004D7E04 /* Build configuration list for PBXNativeTarget "jsmn_test_permissive_short" */;
			buildPhases = (
				95409C6A24880CEE004D7E04 /* Sources */,
				95409C6B24880CEE004D7E04 /* Frameworks */,
				95409C6C24880CEE004D7E04 /* CopyFiles */,
			);
			buildRules = (
			);
			dependencies = (
			);
			name = jsmn_test_permissive_short;
			productName = jsmn_test_permissive_short;
			productReference = 95409C6E24880CEE004D7E04 /* jsmn_test_permissive_short */;
			productType = "com.apple.product-type.tool";
		};
		95409C7824880D13004D7E04 /* jsmn_test_default_short_links */ = {
			isa = PBXNativeTarget;
			buildConfigurationList = 95409C7D24880D13004D7E04 /* Build configuration list for PBXNativeTarget "jsmn_test_default_short_links" */;
			buildPhases = (
				95409C7524880D13004D7E04 /* Sources */,
				95409C7624880D13004D7E04 /* Frameworks */,
				95409C7724880D13004D7E04 /* CopyFiles */,
			);
			buildRules = (
			);
			dependencies = (
			);
			name = jsmn_test_default_short_links;
			productName = jsmn_test_default_short_links;
			productReference = 95409C7924880D13004D7E04 /* jsmn_test_default_short_links */;
			productType = "com.apple.product-type.tool";
		};
		95409C8324880DC4004D7E04 /* jsmn_test_permissive_short_links */ = {
			isa = PBXNativeTarget;
			buildConfigurationList = 95409C8A24880DC4004D7E04 /* Build configuration list for PBXNativeTarget "jsmn_test_permissive_short_links" */;
			buildPhases = (
				95409C8024880DC4004D7E04 /* Sources */,
				95409C8124880DC4004D7E04 /* Frameworks */,
				95409C8224880DC4004D7E04 /* CopyFiles */,
			);
			buildRules = (
			);
			dependencies = (
			);
			name = jsmn_test_permissive_short_links;
			productName = jsmn_test_permissive_short_links;
			productReference = 95409C8424880DC4004D7E04 /* jsmn_test_permissive_short_links */;
			productType = "com.apple.product-type.tool";
		};
		95EF32372485EE2000AEDB36 /* jsmn_test_default */ = {
			isa = PBXNativeTarget;
			buildConfigurationList = 95EF323E2485EE2000AEDB36 /* Build configuration list for PBXNativeTarget "jsmn_test_default" */;
			buildPhases = (
				95EF32342485EE2000AEDB36 /* Sources */,
				95EF32352485EE2000AEDB36 /* Frameworks */,
				95EF32362485EE2000AEDB36 /* CopyFiles */,
			);
			buildRules = (
			);
			dependencies = (
			);
			name = jsmn_test_default;
			productName = jsmn_test_default;
			productReference = 95EF32382485EE2000AEDB36 /* jsmn_test_default */;
			productType = "com.apple.product-type.tool";
		};
/* End PBXNativeTarget section */

/* Begin PBXProject section */
		95346BFD205C728B006A0917 /* Project object */ = {
			isa = PBXProject;
			attributes = {
				LastUpgradeCheck = 1150;
				ORGANIZATIONNAME = "Mark Conway";
				TargetAttributes = {
					95346C04205C728B006A0917 = {
						CreatedOnToolsVersion = 9.2;
						ProvisioningStyle = Automatic;
					};
					95409C3F2487F7A9004D7E04 = {
						CreatedOnToolsVersion = 11.5;
						ProvisioningStyle = Automatic;
					};
					95409C4C24880CB4004D7E04 = {
						CreatedOnToolsVersion = 11.5;
						ProvisioningStyle = Automatic;
					};
					95409C5724880CC9004D7E04 = {
						CreatedOnToolsVersion = 11.5;
						ProvisioningStyle = Automatic;
					};
					95409C6224880CD9004D7E04 = {
						CreatedOnToolsVersion = 11.5;
						ProvisioningStyle = Automatic;
					};
					95409C6D24880CEE004D7E04 = {
						CreatedOnToolsVersion = 11.5;
						ProvisioningStyle = Automatic;
					};
					95409C7824880D13004D7E04 = {
						CreatedOnToolsVersion = 11.5;
						ProvisioningStyle = Automatic;
					};
					95409C8324880DC4004D7E04 = {
						CreatedOnToolsVersion = 11.5;
						ProvisioningStyle = Automatic;
					};
					95EF32372485EE2000AEDB36 = {
						CreatedOnToolsVersion = 11.5;
						ProvisioningStyle = Automatic;
					};
				};
			};
			buildConfigurationList = 95346C00205C728B006A0917 /* Build configuration list for PBXProject "jsmn" */;
			compatibilityVersion = "Xcode 8.0";
			developmentRegion = en;
			hasScannedForEncodings = 0;
			knownRegions = (
				en,
				Base,
			);
			mainGroup = 95346BFC205C728B006A0917;
			productRefGroup = 95346C06205C728B006A0917 /* Products */;
			projectDirPath = "";
			projectRoot = "";
			targets = (
				95346C04205C728B006A0917 /* jsmn */,
				95EF32372485EE2000AEDB36 /* jsmn_test_default */,
				95409C3F2487F7A9004D7E04 /* jsmn_test_permissive */,
				95409C4C24880CB4004D7E04 /* jsmn_test_default_links */,
				95409C5724880CC9004D7E04 /* jsmn_test_permissive_links */,
				95409C6224880CD9004D7E04 /* jsmn_test_default_short */,
				95409C6D24880CEE004D7E04 /* jsmn_test_permissive_short */,
				95409C7824880D13004D7E04 /* jsmn_test_default_short_links */,
				95409C8324880DC4004D7E04 /* jsmn_test_permissive_short_links */,
			);
		};
/* End PBXProject section */

/* Begin PBXSourcesBuildPhase section */
		95346C01205C728B006A0917 /* Sources */ = {
			isa = PBXSourcesBuildPhase;
			buildActionMask = 2147483647;
			files = (
				95CB431620A2A5ED00C36DB4 /* json.c in Sources */,
			);
			runOnlyForDeploymentPostprocessing = 0;
		};
		95409C3C2487F7A9004D7E04 /* Sources */ = {
			isa = PBXSourcesBuildPhase;
			buildActionMask = 2147483647;
			files = (
				95409C9A24884543004D7E04 /* jsmn_test.c in Sources */,
			);
			runOnlyForDeploymentPostprocessing = 0;
		};
		95409C4924880CB4004D7E04 /* Sources */ = {
			isa = PBXSourcesBuildPhase;
			buildActionMask = 2147483647;
			files = (
				95409C9B24884543004D7E04 /* jsmn_test.c in Sources */,
			);
			runOnlyForDeploymentPostprocessing = 0;
		};
		95409C5424880CC9004D7E04 /* Sources */ = {
			isa = PBXSourcesBuildPhase;
			buildActionMask = 2147483647;
			files = (
				95409C9C24884544004D7E04 /* jsmn_test.c in Sources */,
			);
			runOnlyForDeploymentPostprocessing = 0;
		};
		95409C5F24880CD9004D7E04 /* Sources */ = {
			isa = PBXSourcesBuildPhase;
			buildActionMask = 2147483647;
			files = (
				95409C9D24884545004D7E04 /* jsmn_test.c in Sources */,
			);
			runOnlyForDeploymentPostprocessing = 0;
		};
		95409C6A24880CEE004D7E04 /* Sources */ = {
			isa = PBXSourcesBuildPhase;
			buildActionMask = 2147483647;
			files = (
				95409C9E24884545004D7E04 /* jsmn_test.c in Sources */,
			);
			runOnlyForDeploymentPostprocessing = 0;
		};
		95409C7524880D13004D7E04 /* Sources */ = {
			isa = PBXSourcesBuildPhase;
			buildActionMask = 2147483647;
			files = (
				95409C9F24884546004D7E04 /* jsmn_test.c in Sources */,
			);
			runOnlyForDeploymentPostprocessing = 0;
		};
		95409C8024880DC4004D7E04 /* Sources */ = {
			isa = PBXSourcesBuildPhase;
			buildActionMask = 2147483647;
			files = (
				95409CA024884546004D7E04 /* jsmn_test.c in Sources */,
			);
			runOnlyForDeploymentPostprocessing = 0;
		};
		95EF32342485EE2000AEDB36 /* Sources */ = {
			isa = PBXSourcesBuildPhase;
			buildActionMask = 2147483647;
			files = (
				95409C9924884542004D7E04 /* jsmn_test.c in Sources */,
			);
			runOnlyForDeploymentPostprocessing = 0;
		};
/* End PBXSourcesBuildPhase section */

/* Begin XCBuildConfiguration section */
		95346C0E205C728B006A0917 /* Debug */ = {
			isa = XCBuildConfiguration;
			buildSettings = {
				ALWAYS_SEARCH_USER_PATHS = NO;
				CLANG_ANALYZER_NONNULL = YES;
				CLANG_ANALYZER_NUMBER_OBJECT_CONVERSION = YES_AGGRESSIVE;
				CLANG_CXX_LANGUAGE_STANDARD = "c++0x";
				CLANG_ENABLE_MODULES = YES;
				CLANG_ENABLE_OBJC_ARC = YES;
				CLANG_WARN_BLOCK_CAPTURE_AUTORELEASING = YES;
				CLANG_WARN_BOOL_CONVERSION = YES;
				CLANG_WARN_COMMA = YES;
				CLANG_WARN_CONSTANT_CONVERSION = YES;
				CLANG_WARN_DEPRECATED_OBJC_IMPLEMENTATIONS = YES;
				CLANG_WARN_DIRECT_OBJC_ISA_USAGE = YES_ERROR;
				CLANG_WARN_DOCUMENTATION_COMMENTS = YES;
				CLANG_WARN_EMPTY_BODY = YES;
				CLANG_WARN_ENUM_CONVERSION = YES;
				CLANG_WARN_INFINITE_RECURSION = YES;
				CLANG_WARN_INT_CONVERSION = YES;
				CLANG_WARN_NON_LITERAL_NULL_CONVERSION = YES;
				CLANG_WARN_OBJC_IMPLICIT_RETAIN_SELF = YES;
				CLANG_WARN_OBJC_LITERAL_CONVERSION = YES;
				CLANG_WARN_OBJC_ROOT_CLASS = YES_ERROR;
				CLANG_WARN_RANGE_LOOP_ANALYSIS = YES;
				CLANG_WARN_STRICT_PROTOTYPES = YES;
				CLANG_WARN_SUSPICIOUS_MOVE = YES;
				CLANG_WARN_UNGUARDED_AVAILABILITY = YES_AGGRESSIVE;
				CLANG_WARN_UNREACHABLE_CODE = YES;
				CLANG_WARN__DUPLICATE_METHOD_MATCH = YES;
				CODE_SIGN_IDENTITY = "-";
				COPY_PHASE_STRIP = NO;
				DEBUG_INFORMATION_FORMAT = dwarf;
				ENABLE_STRICT_OBJC_MSGSEND = YES;
				ENABLE_TESTABILITY = YES;
				GCC_C_LANGUAGE_STANDARD = c99;
				GCC_DYNAMIC_NO_PIC = NO;
				GCC_NO_COMMON_BLOCKS = YES;
				GCC_OPTIMIZATION_LEVEL = 0;
				GCC_WARN_64_TO_32_BIT_CONVERSION = YES;
				GCC_WARN_ABOUT_RETURN_TYPE = YES_ERROR;
				GCC_WARN_UNDECLARED_SELECTOR = YES;
				GCC_WARN_UNINITIALIZED_AUTOS = YES_AGGRESSIVE;
				GCC_WARN_UNUSED_FUNCTION = YES;
				GCC_WARN_UNUSED_VARIABLE = YES;
				HEADER_SEARCH_PATHS = /usr/local/include;
				LIBRARY_SEARCH_PATHS = /usr/local/lib;
				MTL_ENABLE_DEBUG_INFO = YES;
				ONLY_ACTIVE_ARCH = YES;
				SDKROOT = macosx;
			};
			name = Debug;
		};
		95346C0F205C728B006A0917 /* Release */ = {
			isa = XCBuildConfiguration;
			buildSettings = {
				ALWAYS_SEARCH_USER_PATHS = NO;
				CLANG_ANALYZER_NONNULL = YES;
				CLANG_ANALYZER_NUMBER_OBJECT_CONVERSION = YES_AGGRESSIVE;
				CLANG_CXX_LANGUAGE_STANDARD = "c++0x";
				CLANG_ENABLE_MODULES = YES;
				CLANG_ENABLE_OBJC_ARC = YES;
				CLANG_WARN_BLOCK_CAPTURE_AUTORELEASING = YES;
				CLANG_WARN_BOOL_CONVERSION = YES;
				CLANG_WARN_COMMA = YES;
				CLANG_WARN_CONSTANT_CONVERSION = YES;
				CLANG_WARN_DEPRECATED_OBJC_IMPLEMENTATIONS = YES;
				CLANG_WARN_DIRECT_OBJC_ISA_USAGE = YES_ERROR;
				CLANG_WARN_DOCUMENTATION_COMMENTS = YES;
				CLANG_WARN_EMPTY_BODY = YES;
				CLANG_WARN_ENUM_CONVERSION = YES;
				CLANG_WARN_INFINITE_RECURSION = YES;
				CLANG_WARN_INT_CONVERSION = YES;
				CLANG_WARN_NON_LITERAL_NULL_CONVERSION = YES;
				CLANG_WARN_OBJC_IMPLICIT_RETAIN_SELF = YES;
				CLANG_WARN_OBJC_LITERAL_CONVERSION = YES;
				CLANG_WARN_OBJC_ROOT_CLASS = YES_ERROR;
				CLANG_WARN_RANGE_LOOP_ANALYSIS = YES;
				CLANG_WARN_STRICT_PROTOTYPES = YES;
				CLANG_WARN_SUSPICIOUS_MOVE = YES;
				CLANG_WARN_UNGUARDED_AVAILABILITY = YES_AGGRESSIVE;
				CLANG_WARN_UNREACHABLE_CODE = YES;
				CLANG_WARN__DUPLICATE_METHOD_MATCH = YES;
				CODE_SIGN_IDENTITY = "-";
				COPY_PHASE_STRIP = NO;
				DEBUG_INFORMATION_FORMAT = "dwarf-with-dsym";
				ENABLE_NS_ASSERTIONS = NO;
				ENABLE_STRICT_OBJC_MSGSEND = YES;
				GCC_C_LANGUAGE_STANDARD = c99;
				GCC_NO_COMMON_BLOCKS = YES;
				GCC_PREPROCESSOR_DEFINITIONS = NDEBUG;
				GCC_WARN_64_TO_32_BIT_CONVERSION = YES;
				GCC_WARN_ABOUT_RETURN_TYPE = YES_ERROR;
				GCC_WARN_UNDECLARED_SELECTOR = YES;
				GCC_WARN_UNINITIALIZED_AUTOS = YES_AGGRESSIVE;
				GCC_WARN_UNUSED_FUNCTION = YES;
				GCC_WARN_UNUSED_VARIABLE = YES;
				HEADER_SEARCH_PATHS = /usr/local/include;
				LIBRARY_SEARCH_PATHS = /usr/local/lib;
				MTL_ENABLE_DEBUG_INFO = NO;
				SDKROOT = macosx;
			};
			name = Release;
		};
		95346C11205C728B006A0917 /* Debug */ = {
			isa = XCBuildConfiguration;
			buildSettings = {
				EXECUTABLE_PREFIX = lib;
				PRODUCT_NAME = "$(TARGET_NAME)";
			};
			name = Debug;
		};
		95346C12205C728B006A0917 /* Release */ = {
			isa = XCBuildConfiguration;
			buildSettings = {
				EXECUTABLE_PREFIX = lib;
				PRODUCT_NAME = "$(TARGET_NAME)";
			};
			name = Release;
		};
		95409C442487F7A9004D7E04 /* Debug */ = {
			isa = XCBuildConfiguration;
			buildSettings = {
				CODE_SIGN_STYLE = Automatic;
				GCC_PREPROCESSOR_DEFINITIONS = (
					"${inherited}",
					JSMN_DEFINES,
					JSMN_PERMISSIVE,
				);
				MTL_ENABLE_DEBUG_INFO = INCLUDE_SOURCE;
				MTL_FAST_MATH = YES;
				PRODUCT_NAME = "$(TARGET_NAME)";
			};
			name = Debug;
		};
		95409C452487F7A9004D7E04 /* Release */ = {
			isa = XCBuildConfiguration;
			buildSettings = {
				CODE_SIGN_STYLE = Automatic;
				GCC_PREPROCESSOR_DEFINITIONS = (
					"${inherited}",
					JSMN_DEFINES,
					JSMN_PERMISSIVE,
				);
				MTL_FAST_MATH = YES;
				PRODUCT_NAME = "$(TARGET_NAME)";
			};
			name = Release;
		};
		95409C5224880CB4004D7E04 /* Debug */ = {
			isa = XCBuildConfiguration;
			buildSettings = {
				CODE_SIGN_STYLE = Automatic;
				GCC_PREPROCESSOR_DEFINITIONS = (
					"${inherited}",
					JSMN_DEFINES,
					JSMN_PARENT_LINKS,
				);
				MTL_ENABLE_DEBUG_INFO = INCLUDE_SOURCE;
				MTL_FAST_MATH = YES;
				PRODUCT_NAME = "$(TARGET_NAME)";
			};
			name = Debug;
		};
		95409C5324880CB4004D7E04 /* Release */ = {
			isa = XCBuildConfiguration;
			buildSettings = {
				CODE_SIGN_STYLE = Automatic;
				GCC_PREPROCESSOR_DEFINITIONS = (
					"${inherited}",
					JSMN_DEFINES,
					JSMN_PARENT_LINKS,
				);
				MTL_FAST_MATH = YES;
				PRODUCT_NAME = "$(TARGET_NAME)";
			};
			name = Release;
		};
		95409C5D24880CC9004D7E04 /* Debug */ = {
			isa = XCBuildConfiguration;
			buildSettings = {
				CODE_SIGN_STYLE = Automatic;
				GCC_PREPROCESSOR_DEFINITIONS = (
					"${inherited}",
					JSMN_DEFINES,
					JSMN_PERMISSIVE,
					JSMN_PARENT_LINKS,
				);
				MTL_ENABLE_DEBUG_INFO = INCLUDE_SOURCE;
				MTL_FAST_MATH = YES;
				PRODUCT_NAME = "$(TARGET_NAME)";
			};
			name = Debug;
		};
		95409C5E24880CC9004D7E04 /* Release */ = {
			isa = XCBuildConfiguration;
			buildSettings = {
				CODE_SIGN_STYLE = Automatic;
				GCC_PREPROCESSOR_DEFINITIONS = (
					"${inherited}",
					JSMN_DEFINES,
					JSMN_PERMISSIVE,
					JSMN_PARENT_LINKS,
				);
				MTL_FAST_MATH = YES;
				PRODUCT_NAME = "$(TARGET_NAME)";
			};
			name = Release;
		};
		95409C6824880CD9004D7E04 /* Debug */ = {
			isa = XCBuildConfiguration;
			buildSettings = {
				CODE_SIGN_STYLE = Automatic;
				GCC_PREPROCESSOR_DEFINITIONS = (
					"${inherited}",
					JSMN_DEFINES,
					JSMN_SHORT_TOKENS,
				);
				MTL_ENABLE_DEBUG_INFO = INCLUDE_SOURCE;
				MTL_FAST_MATH = YES;
				PRODUCT_NAME = "$(TARGET_NAME)";
			};
			name = Debug;
		};
		95409C6924880CD9004D7E04 /* Release */ = {
			isa = XCBuildConfiguration;
			buildSettings = {
				CODE_SIGN_STYLE = Automatic;
				GCC_PREPROCESSOR_DEFINITIONS = (
					"${inherited}",
					JSMN_DEFINES,
					JSMN_SHORT_TOKENS,
				);
				MTL_FAST_MATH = YES;
				PRODUCT_NAME = "$(TARGET_NAME)";
			};
			name = Release;
		};
		95409C7324880CEE004D7E04 /* Debug */ = {
			isa = XCBuildConfiguration;
			buildSettings = {
				CODE_SIGN_STYLE = Automatic;
				GCC_PREPROCESSOR_DEFINITIONS = (
					"${inherited}",
					JSMN_DEFINES,
					JSMN_PERMISSIVE,
					JSMN_SHORT_TOKENS,
				);
				MTL_ENABLE_DEBUG_INFO = INCLUDE_SOURCE;
				MTL_FAST_MATH = YES;
				PRODUCT_NAME = "$(TARGET_NAME)";
			};
			name = Debug;
		};
		95409C7424880CEE004D7E04 /* Release */ = {
			isa = XCBuildConfiguration;
			buildSettings = {
				CODE_SIGN_STYLE = Automatic;
				GCC_PREPROCESSOR_DEFINITIONS = (
					"${inherited}",
					JSMN_DEFINES,
					JSMN_PERMISSIVE,
					JSMN_SHORT_TOKENS,
				);
				MTL_FAST_MATH = YES;
				PRODUCT_NAME = "$(TARGET_NAME)";
			};
			name = Release;
		};
		95409C7E24880D13004D7E04 /* Debug */ = {
			isa = XCBuildConfiguration;
			buildSettings = {
				CODE_SIGN_STYLE = Automatic;
				GCC_PREPROCESSOR_DEFINITIONS = (
					"${inherited}",
					JSMN_DEFINES,
					JSMN_SHORT_TOKENS,
					JSMN_PARENT_LINKS,
				);
				MTL_ENABLE_DEBUG_INFO = INCLUDE_SOURCE;
				MTL_FAST_MATH = YES;
				PRODUCT_NAME = "$(TARGET_NAME)";
			};
			name = Debug;
		};
		95409C7F24880D13004D7E04 /* Release */ = {
			isa = XCBuildConfiguration;
			buildSettings = {
				CODE_SIGN_STYLE = Automatic;
				GCC_PREPROCESSOR_DEFINITIONS = (
					"${inherited}",
					JSMN_DEFINES,
					JSMN_SHORT_TOKENS,
					JSMN_PARENT_LINKS,
				);
				MTL_FAST_MATH = YES;
				PRODUCT_NAME = "$(TARGET_NAME)";
			};
			name = Release;
		};
		95409C8824880DC4004D7E04 /* Debug */ = {
			isa = XCBuildConfiguration;
			buildSettings = {
				CODE_SIGN_STYLE = Automatic;
				GCC_PREPROCESSOR_DEFINITIONS = (
					"${inherited}",
					JSMN_DEFINES,
					JSMN_PERMISSIVE,
					JSMN_SHORT_TOKENS,
					JSMN_PARENT_LINKS,
				);
				MTL_ENABLE_DEBUG_INFO = INCLUDE_SOURCE;
				MTL_FAST_MATH = YES;
				PRODUCT_NAME = "$(TARGET_NAME)";
			};
			name = Debug;
		};
		95409C8924880DC4004D7E04 /* Release */ = {
			isa = XCBuildConfiguration;
			buildSettings = {
				CODE_SIGN_STYLE = Automatic;
				GCC_PREPROCESSOR_DEFINITIONS = (
					"${inherited}",
					JSMN_DEFINES,
					JSMN_PERMISSIVE,
					JSMN_SHORT_TOKENS,
					JSMN_PARENT_LINKS,
				);
				MTL_FAST_MATH = YES;
				PRODUCT_NAME = "$(TARGET_NAME)";
			};
			name = Release;
		};
		95EF323C2485EE2000AEDB36 /* Debug */ = {
			isa = XCBuildConfiguration;
			buildSettings = {
				CODE_SIGN_STYLE = Automatic;
				GCC_PREPROCESSOR_DEFINITIONS = (
					"${inherited}",
					JSMN_DEFINES,
				);
				MTL_ENABLE_DEBUG_INFO = INCLUDE_SOURCE;
				MTL_FAST_MATH = YES;
				PRODUCT_NAME = "$(TARGET_NAME)";
			};
			name = Debug;
		};
		95EF323D2485EE2000AEDB36 /* Release */ = {
			isa = XCBuildConfiguration;
			buildSettings = {
				CODE_SIGN_STYLE = Automatic;
				GCC_PREPROCESSOR_DEFINITIONS = (
					"${inherited}",
					JSMN_DEFINES,
				);
				MTL_FAST_MATH = YES;
				PRODUCT_NAME = "$(TARGET_NAME)";
			};
			name = Release;
		};
/* End XCBuildConfiguration section */

/* Begin XCConfigurationList section */
		95346C00205C728B006A0917 /* Build configuration list for PBXProject "jsmn" */ = {
			isa = XCConfigurationList;
			buildConfigurations = (
				95346C0E205C728B006A0917 /* Debug */,
				95346C0F205C728B006A0917 /* Release */,
			);
			defaultConfigurationIsVisible = 0;
			defaultConfigurationName = Release;
		};
		95346C10205C728B006A0917 /* Build configuration list for PBXNativeTarget "jsmn" */ = {
			isa = XCConfigurationList;
			buildConfigurations = (
				95346C11205C728B006A0917 /* Debug */,
				95346C12205C728B006A0917 /* Release */,
			);
			defaultConfigurationIsVisible = 0;
			defaultConfigurationName = Release;
		};
		95409C462487F7A9004D7E04 /* Build configuration list for PBXNativeTarget "jsmn_test_permissive" */ = {
			isa = XCConfigurationList;
			buildConfigurations = (
				95409C442487F7A9004D7E04 /* Debug */,
				95409C452487F7A9004D7E04 /* Release */,
			);
			defaultConfigurationIsVisible = 0;
			defaultConfigurationName = Release;
		};
		95409C5124880CB4004D7E04 /* Build configuration list for PBXNativeTarget "jsmn_test_default_links" */ = {
			isa = XCConfigurationList;
			buildConfigurations = (
				95409C5224880CB4004D7E04 /* Debug */,
				95409C5324880CB4004D7E04 /* Release */,
			);
			defaultConfigurationIsVisible = 0;
			defaultConfigurationName = Release;
		};
		95409C5C24880CC9004D7E04 /* Build configuration list for PBXNativeTarget "jsmn_test_permissive_links" */ = {
			isa = XCConfigurationList;
			buildConfigurations = (
				95409C5D24880CC9004D7E04 /* Debug */,
				95409C5E24880CC9004D7E04 /* Release */,
			);
			defaultConfigurationIsVisible = 0;
			defaultConfigurationName = Release;
		};
		95409C6724880CD9004D7E04 /* Build configuration list for PBXNativeTarget "jsmn_test_default_short" */ = {
			isa = XCConfigurationList;
			buildConfigurations = (
				95409C6824880CD9004D7E04 /* Debug */,
				95409C6924880CD9004D7E04 /* Release */,
			);
			defaultConfigurationIsVisible = 0;
			defaultConfigurationName = Release;
		};
		95409C7224880CEE004D7E04 /* Build configuration list for PBXNativeTarget "jsmn_test_permissive_short" */ = {
			isa = XCConfigurationList;
			buildConfigurations = (
				95409C7324880CEE004D7E04 /* Debug */,
				95409C7424880CEE004D7E04 /* Release */,
			);
			defaultConfigurationIsVisible = 0;
			defaultConfigurationName = Release;
		};
		95409C7D24880D13004D7E04 /* Build configuration list for PBXNativeTarget "jsmn_test_default_short_links" */ = {
			isa = XCConfigurationList;
			buildConfigurations = (
				95409C7E24880D13004D7E04 /* Debug */,
				95409C7F24880D13004D7E04 /* Release */,
			);
			defaultConfigurationIsVisible = 0;
			defaultConfigurationName = Release;
		};
		95409C8A24880DC4004D7E04 /* Build configuration list for PBXNativeTarget "jsmn_test_permissive_short_links" */ = {
			isa = XCConfigurationList;
			buildConfigurations = (
				95409C8824880DC4004D7E04 /* Debug */,
				95409C8924880DC4004D7E04 /* Release */,
			);
			defaultConfigurationIsVisible = 0;
			defaultConfigurationName = Release;
		};
		95EF323E2485EE2000AEDB36 /* Build configuration list for PBXNativeTarget "jsmn_test_default" */ = {
			isa = XCConfigurationList;
			buildConfigurations = (
				95EF323C2485EE2000AEDB36 /* Debug */,
				95EF323D2485EE2000AEDB36 /* Release */,
			);
			defaultConfigurationIsVisible = 0;
			defaultConfigurationName = Release;
		};
/* End XCConfigurationList section */
	};
	rootObject = 95346BFD205C728B006A0917 /* Project object */;
}
